dependencies:
  espressif/ip101:
    component_hash: e3be457b9ae50d7b348e5418ef1a334b3f943a1f0df16a4d42767b89ae15d533
    dependencies:
    - name: idf
      require: private
      version: '>=6.0'
    source:
      registry_url: https://components.espressif.com/
      type: service
    targets:
    - esp32
    - esp32p4
    version: 1.0.0
  idf:
    source:
      type: idf
    version: 6.0.1
  joltwallet/littlefs:
    component_hash: 29eff7921c4e8bce021aeb7fff2723bfcafed661756de700646ea0f6223c2a32
    dependencies:
    - name: idf
      require: private
      version: '>=5.0'
    source:
      registry_url: https://components.espressif.com/
      type: service
    version: 1.21.1
direct_dependencies:
- espressif/ip101
- idf
- joltwallet/littlefs
manifest_hash: 5fdb10e560f943d25157e9a62561c361786d41a9dfa276bcae9ce3d0b9932bd7
target: esp32p4
version: 3.0.0
